
Microsoft Visual Studio Solution File, Format Version 12.00
# Visual Studio 15
VisualStudioVersion = 15.0.27004.2006
MinimumVisualStudioVersion = 10.0.40219.1
Project("{FAE04EC0-301F-11D3-BF4B-00C04F79EFBC}") = "Adneotheque.Web", "Adneotheque.Web\Adneotheque.Web.csproj", "{61C11565-2C56-445D-A89F-55E55E9F3F47}"
EndProject
Project("{FAE04EC0-301F-11D3-BF4B-00C04F79EFBC}") = "Adneotheque.Entities", "Adneotheque.Entities\Adneotheque.Entities.csproj", "{A8A23AA2-D6D5-4C90-8E94-233342E08ADA}"
EndProject
Project("{FAE04EC0-301F-11D3-BF4B-00C04F79EFBC}") = "Adneotheque.Data", "Adneotheque.Data\Adneotheque.Data.csproj", "{76F723C7-4433-4D01-89D0-9395657084AF}"
EndProject
Project("{FAE04EC0-301F-11D3-BF4B-00C04F79EFBC}") = "Adneotheque.ViewModels", "Adneotheque.ViewModels\Adneotheque.ViewModels.csproj", "{4FE39A8C-CA61-4549-B9B7-16B3B83EF6F5}"
EndProject
Project("{FAE04EC0-301F-11D3-BF4B-00C04F79EFBC}") = "adneotheque-solution.Tests", "adneotheque-solution.Tests\adneotheque-solution.Tests.csproj", "{E3D8ED7B-8BF1-4D9E-8FE8-97190240F310}"
EndProject
Global
	GlobalSection(SolutionConfigurationPlatforms) = preSolution
		Debug|Any CPU = Debug|Any CPU
		Release|Any CPU = Release|Any CPU
	EndGlobalSection
	GlobalSection(ProjectConfigurationPlatforms) = postSolution
		{61C11565-2C56-445D-A89F-55E55E9F3F47}.Debug|Any CPU.ActiveCfg = Debug|Any CPU
		{61C11565-2C56-445D-A89F-55E55E9F3F47}.Debug|Any CPU.Build.0 = Debug|Any CPU
		{61C11565-2C56-445D-A89F-55E55E9F3F47}.Release|Any CPU.ActiveCfg = Release|Any CPU
		{61C11565-2C56-445D-A89F-55E55E9F3F47}.Release|Any CPU.Build.0 = Release|Any CPU
		{A8A23AA2-D6D5-4C90-8E94-233342E08ADA}.Debug|Any CPU.ActiveCfg = Debug|Any CPU
		{A8A23AA2-D6D5-4C90-8E94-233342E08ADA}.Debug|Any CPU.Build.0 = Debug|Any CPU
		{A8A23AA2-D6D5-4C90-8E94-233342E08ADA}.Release|Any CPU.ActiveCfg = Release|Any CPU
		{A8A23AA2-D6D5-4C90-8E94-233342E08ADA}.Release|Any CPU.Build.0 = Release|Any CPU
		{76F723C7-4433-4D01-89D0-9395657084AF}.Debug|Any CPU.ActiveCfg = Debug|Any CPU
		{76F723C7-4433-4D01-89D0-9395657084AF}.Debug|Any CPU.Build.0 = Debug|Any CPU
		{76F723C7-4433-4D01-89D0-9395657084AF}.Release|Any CPU.ActiveCfg = Release|Any CPU
		{76F723C7-4433-4D01-89D0-9395657084AF}.Release|Any CPU.Build.0 = Release|Any CPU
		{4FE39A8C-CA61-4549-B9B7-16B3B83EF6F5}.Debug|Any CPU.ActiveCfg = Debug|Any CPU
		{4FE39A8C-CA61-4549-B9B7-16B3B83EF6F5}.Debug|Any CPU.Build.0 = Debug|Any CPU
		{4FE39A8C-CA61-4549-B9B7-16B3B83EF6F5}.Release|Any CPU.ActiveCfg = Release|Any CPU
		{4FE39A8C-CA61-4549-B9B7-16B3B83EF6F5}.Release|Any CPU.Build.0 = Release|Any CPU
		{E3D8ED7B-8BF1-4D9E-8FE8-97190240F310}.Debug|Any CPU.ActiveCfg = Debug|Any CPU
		{E3D8ED7B-8BF1-4D9E-8FE8-97190240F310}.Debug|Any CPU.Build.0 = Debug|Any CPU
		{E3D8ED7B-8BF1-4D9E-8FE8-97190240F310}.Release|Any CPU.ActiveCfg = Release|Any CPU
		{E3D8ED7B-8BF1-4D9E-8FE8-97190240F310}.Release|Any CPU.Build.0 = Release|Any CPU
	EndGlobalSection
	GlobalSection(SolutionProperties) = preSolution
		HideSolutionNode = FALSE
	EndGlobalSection
	GlobalSection(ExtensibilityGlobals) = postSolution
		SolutionGuid = {C56ACCD2-F4E7-4EF5-9F6C-B79277C83C18}
	EndGlobalSection
EndGlobal
